
Microsoft Visual Studio Solution File, Format Version 12.00
# Visual Studio Version 17
VisualStudioVersion = 17.7.34003.232
MinimumVisualStudioVersion = 10.0.40219.1
Project("{8BC9CEB8-8B4A-11D0-8D11-00A0C91BC942}") = "Operators Reloads", "Operators Reloads.vcxproj", "{D84EDDA0-FF43-4247-9DA4-84798814B41E}"
EndProject
Global
	GlobalSection(SolutionConfigurationPlatforms) = preSolution
		Debug|x64 = Debug|x64
		Debug|x86 = Debug|x86
		Release|x64 = Release|x64
		Release|x86 = Release|x86
	EndGlobalSection
	GlobalSection(ProjectConfigurationPlatforms) = postSolution
		{D84EDDA0-FF43-4247-9DA4-84798814B41E}.Debug|x64.ActiveCfg = Debug|x64
		{D84EDDA0-FF43-4247-9DA4-84798814B41E}.Debug|x64.Build.0 = Debug|x64
		{D84EDDA0-FF43-4247-9DA4-84798814B41E}.Debug|x86.ActiveCfg = Debug|Win32
		{D84EDDA0-FF43-4247-9DA4-84798814B41E}.Debug|x86.Build.0 = Debug|Win32
		{D84EDDA0-FF43-4247-9DA4-84798814B41E}.Release|x64.ActiveCfg = Release|x64
		{D84EDDA0-FF43-4247-9DA4-84798814B41E}.Release|x64.Build.0 = Release|x64
		{D84EDDA0-FF43-4247-9DA4-84798814B41E}.Release|x86.ActiveCfg = Release|Win32
		{D84EDDA0-FF43-4247-9DA4-84798814B41E}.Release|x86.Build.0 = Release|Win32
	EndGlobalSection
	GlobalSection(SolutionProperties) = preSolution
		HideSolutionNode = FALSE
	EndGlobalSection
	GlobalSection(ExtensibilityGlobals) = postSolution
		SolutionGuid = {B19D1954-0B4D-40E0-9095-5BD3022DEC83}
	EndGlobalSection
EndGlobal
